
Microsoft Visual Studio Solution File, Format Version 12.00
# Visual Studio Version 17
VisualStudioVersion = 17.0.31717.71
MinimumVisualStudioVersion = 10.0.40219.1
Project("{9A19103F-16F7-4668-BE54-9A1E7A4F7556}") = "Scimaterials.UI.Blazor", "Scimaterials.UI.Blazor.csproj", "{8C19E076-DD67-4858-B863-9F6BCF4AA072}"
EndProject
Global
	GlobalSection(SolutionConfigurationPlatforms) = preSolution
		Debug|Any CPU = Debug|Any CPU
		Release|Any CPU = Release|Any CPU
	EndGlobalSection
	GlobalSection(ProjectConfigurationPlatforms) = postSolution
		{8C19E076-DD67-4858-B863-9F6BCF4AA072}.Debug|Any CPU.ActiveCfg = Debug|Any CPU
		{8C19E076-DD67-4858-B863-9F6BCF4AA072}.Debug|Any CPU.Build.0 = Debug|Any CPU
		{8C19E076-DD67-4858-B863-9F6BCF4AA072}.Release|Any CPU.ActiveCfg = Release|Any CPU
		{8C19E076-DD67-4858-B863-9F6BCF4AA072}.Release|Any CPU.Build.0 = Release|Any CPU
	EndGlobalSection
	GlobalSection(SolutionProperties) = preSolution
		HideSolutionNode = FALSE
	EndGlobalSection
	GlobalSection(ExtensibilityGlobals) = postSolution
		SolutionGuid = {6E8A0C05-7D2C-471A-BDF7-3B8889E026F1}
	EndGlobalSection
EndGlobal